// !$*UTF8*$!
{
	archiveVersion = 1;
	classes = {
	};
	objectVersion = 55;
	objects = {

/* Begin PBXBuildFile section */
		9BC8FA9E2923F6BD00E9993F /* Tests_iOS.swift in Sources */ = {isa = PBXBuildFile; fileRef = 9BC8FA9D2923F6BD00E9993F /* Tests_iOS.swift */; };
		9BC8FAA02923F6BD00E9993F /* Tests_iOSLaunchTests.swift in Sources */ = {isa = PBXBuildFile; fileRef = 9BC8FA9F2923F6BD00E9993F /* Tests_iOSLaunchTests.swift */; };
		9BC8FAAA2923F6BD00E9993F /* Tests_macOS.swift in Sources */ = {isa = PBXBuildFile; fileRef = 9BC8FAA92923F6BD00E9993F /* Tests_macOS.swift */; };
		9BC8FAAC2923F6BD00E9993F /* Tests_macOSLaunchTests.swift in Sources */ = {isa = PBXBuildFile; fileRef = 9BC8FAAB2923F6BD00E9993F /* Tests_macOSLaunchTests.swift */; };
		9BC8FAAD2923F6BD00E9993F /* LandmarksApp.swift in Sources */ = {isa = PBXBuildFile; fileRef = 9BC8FA852923F6BB00E9993F /* LandmarksApp.swift */; };
		9BC8FAAE2923F6BD00E9993F /* LandmarksApp.swift in Sources */ = {isa = PBXBuildFile; fileRef = 9BC8FA852923F6BB00E9993F /* LandmarksApp.swift */; };
		9BC8FAAF2923F6BD00E9993F /* ContentView.swift in Sources */ = {isa = PBXBuildFile; fileRef = 9BC8FA862923F6BB00E9993F /* ContentView.swift */; };
		9BC8FAB02923F6BD00E9993F /* ContentView.swift in Sources */ = {isa = PBXBuildFile; fileRef = 9BC8FA862923F6BB00E9993F /* ContentView.swift */; };
		9BC8FAB12923F6BD00E9993F /* Assets.xcassets in Resources */ = {isa = PBXBuildFile; fileRef = 9BC8FA872923F6BD00E9993F /* Assets.xcassets */; };
		9BC8FAB22923F6BD00E9993F /* Assets.xcassets in Resources */ = {isa = PBXBuildFile; fileRef = 9BC8FA872923F6BD00E9993F /* Assets.xcassets */; };
		9BC8FAC52923FACD00E9993F /* CircleImage.swift in Sources */ = {isa = PBXBuildFile; fileRef = 9BC8FAC42923FACD00E9993F /* CircleImage.swift */; };
		9BC8FAC62923FACD00E9993F /* CircleImage.swift in Sources */ = {isa = PBXBuildFile; fileRef = 9BC8FAC42923FACD00E9993F /* CircleImage.swift */; };
		9BC8FAC82923FC4100E9993F /* MapView.swift in Sources */ = {isa = PBXBuildFile; fileRef = 9BC8FAC72923FC4100E9993F /* MapView.swift */; };
		9BC8FAC92923FC4100E9993F /* MapView.swift in Sources */ = {isa = PBXBuildFile; fileRef = 9BC8FAC72923FC4100E9993F /* MapView.swift */; };
		9BC8FACB2924003500E9993F /* Landmark.swift in Sources */ = {isa = PBXBuildFile; fileRef = 9BC8FACA2924003500E9993F /* Landmark.swift */; };
		9BC8FACC2924003500E9993F /* Landmark.swift in Sources */ = {isa = PBXBuildFile; fileRef = 9BC8FACA2924003500E9993F /* Landmark.swift */; };
		9BC8FACE2924024E00E9993F /* ModelData.swift in Sources */ = {isa = PBXBuildFile; fileRef = 9BC8FACD2924024E00E9993F /* ModelData.swift */; };
		9BC8FACF2924024E00E9993F /* ModelData.swift in Sources */ = {isa = PBXBuildFile; fileRef = 9BC8FACD2924024E00E9993F /* ModelData.swift */; };
		9BC8FAD1292404E300E9993F /* landmarkData.json in Resources */ = {isa = PBXBuildFile; fileRef = 9BC8FAD0292404E300E9993F /* landmarkData.json */; };
		9BC8FAD2292404E300E9993F /* landmarkData.json in Resources */ = {isa = PBXBuildFile; fileRef = 9BC8FAD0292404E300E9993F /* landmarkData.json */; };
		9BC8FAD7292405CD00E9993F /* LandmarkRow.swift in Sources */ = {isa = PBXBuildFile; fileRef = 9BC8FAD6292405CD00E9993F /* LandmarkRow.swift */; };
		9BC8FAD8292405CD00E9993F /* LandmarkRow.swift in Sources */ = {isa = PBXBuildFile; fileRef = 9BC8FAD6292405CD00E9993F /* LandmarkRow.swift */; };
		9BC8FADA292406E100E9993F /* LandmarkList.swift in Sources */ = {isa = PBXBuildFile; fileRef = 9BC8FAD9292406E100E9993F /* LandmarkList.swift */; };
		9BC8FADB292406E100E9993F /* LandmarkList.swift in Sources */ = {isa = PBXBuildFile; fileRef = 9BC8FAD9292406E100E9993F /* LandmarkList.swift */; };
		9BC8FADD292407A100E9993F /* LandmarkDetail.swift in Sources */ = {isa = PBXBuildFile; fileRef = 9BC8FADC292407A100E9993F /* LandmarkDetail.swift */; };
		9BC8FADE292407A100E9993F /* LandmarkDetail.swift in Sources */ = {isa = PBXBuildFile; fileRef = 9BC8FADC292407A100E9993F /* LandmarkDetail.swift */; };
/* End PBXBuildFile section */

/* Begin PBXContainerItemProxy section */
		9BC8FA9A2923F6BD00E9993F /* PBXContainerItemProxy */ = {
			isa = PBXContainerItemProxy;
			containerPortal = 9BC8FA802923F6BB00E9993F /* Project object */;
			proxyType = 1;
			remoteGlobalIDString = 9BC8FA8B2923F6BD00E9993F;
			remoteInfo = "Landmarks (iOS)";
		};
		9BC8FAA62923F6BD00E9993F /* PBXContainerItemProxy */ = {
			isa = PBXContainerItemProxy;
			containerPortal = 9BC8FA802923F6BB00E9993F /* Project object */;
			proxyType = 1;
			remoteGlobalIDString = 9BC8FA912923F6BD00E9993F;
			remoteInfo = "Landmarks (macOS)";
		};
/* End PBXContainerItemProxy section */

/* Begin PBXFileReference section */
		9BC8FA852923F6BB00E9993F /* LandmarksApp.swift */ = {isa = PBXFileReference; lastKnownFileType = sourcecode.swift; path = LandmarksApp.swift; sourceTree = "<group>"; };
		9BC8FA862923F6BB00E9993F /* ContentView.swift */ = {isa = PBXFileReference; lastKnownFileType = sourcecode.swift; path = ContentView.swift; sourceTree = "<group>"; };
		9BC8FA872923F6BD00E9993F /* Assets.xcassets */ = {isa = PBXFileReference; lastKnownFileType = folder.assetcatalog; path = Assets.xcassets; sourceTree = "<group>"; };
		9BC8FA8C2923F6BD00E9993F /* Landmarks.app */ = {isa = PBXFileReference; explicitFileType = wrapper.application; includeInIndex = 0; path = Landmarks.app; sourceTree = BUILT_PRODUCTS_DIR; };
		9BC8FA922923F6BD00E9993F /* Landmarks.app */ = {isa = PBXFileReference; explicitFileType = wrapper.application; includeInIndex = 0; path = Landmarks.app; sourceTree = BUILT_PRODUCTS_DIR; };
		9BC8FA942923F6BD00E9993F /* macOS.entitlements */ = {isa = PBXFileReference; lastKnownFileType = text.plist.entitlements; path = macOS.entitlements; sourceTree = "<group>"; };
		9BC8FA992923F6BD00E9993F /* Tests iOS.xctest */ = {isa = PBXFileReference; explicitFileType = wrapper.cfbundle; includeInIndex = 0; path = "Tests iOS.xctest"; sourceTree = BUILT_PRODUCTS_DIR; };
		9BC8FA9D2923F6BD00E9993F /* Tests_iOS.swift */ = {isa = PBXFileReference; lastKnownFileType = sourcecode.swift; path = Tests_iOS.swift; sourceTree = "<group>"; };
		9BC8FA9F2923F6BD00E9993F /* Tests_iOSLaunchTests.swift */ = {isa = PBXFileReference; lastKnownFileType = sourcecode.swift; path = Tests_iOSLaunchTests.swift; sourceTree = "<group>"; };
		9BC8FAA52923F6BD00E9993F /* Tests macOS.xctest */ = {isa = PBXFileReference; explicitFileType = wrapper.cfbundle; includeInIndex = 0; path = "Tests macOS.xctest"; sourceTree = BUILT_PRODUCTS_DIR; };
		9BC8FAA92923F6BD00E9993F /* Tests_macOS.swift */ = {isa = PBXFileReference; lastKnownFileType = sourcecode.swift; path = Tests_macOS.swift; sourceTree = "<group>"; };
		9BC8FAAB2923F6BD00E9993F /* Tests_macOSLaunchTests.swift */ = {isa = PBXFileReference; lastKnownFileType = sourcecode.swift; path = Tests_macOSLaunchTests.swift; sourceTree = "<group>"; };
		9BC8FAC42923FACD00E9993F /* CircleImage.swift */ = {isa = PBXFileReference; lastKnownFileType = sourcecode.swift; path = CircleImage.swift; sourceTree = "<group>"; };
		9BC8FAC72923FC4100E9993F /* MapView.swift */ = {isa = PBXFileReference; lastKnownFileType = sourcecode.swift; path = MapView.swift; sourceTree = "<group>"; };
		9BC8FACA2924003500E9993F /* Landmark.swift */ = {isa = PBXFileReference; lastKnownFileType = sourcecode.swift; path = Landmark.swift; sourceTree = "<group>"; };
		9BC8FACD2924024E00E9993F /* ModelData.swift */ = {isa = PBXFileReference; lastKnownFileType = sourcecode.swift; path = ModelData.swift; sourceTree = "<group>"; };
		9BC8FAD0292404E300E9993F /* landmarkData.json */ = {isa = PBXFileReference; fileEncoding = 4; lastKnownFileType = text.json; path = landmarkData.json; sourceTree = "<group>"; };
		9BC8FAD6292405CD00E9993F /* LandmarkRow.swift */ = {isa = PBXFileReference; lastKnownFileType = sourcecode.swift; path = LandmarkRow.swift; sourceTree = "<group>"; };
		9BC8FAD9292406E100E9993F /* LandmarkList.swift */ = {isa = PBXFileReference; lastKnownFileType = sourcecode.swift; path = LandmarkList.swift; sourceTree = "<group>"; };
		9BC8FADC292407A100E9993F /* LandmarkDetail.swift */ = {isa = PBXFileReference; lastKnownFileType = sourcecode.swift; path = LandmarkDetail.swift; sourceTree = "<group>"; };
/* End PBXFileReference section */

/* Begin PBXFrameworksBuildPhase section */
		9BC8FA892923F6BD00E9993F /* Frameworks */ = {
			isa = PBXFrameworksBuildPhase;
			buildActionMask = 2147483647;
			files = (
			);
			runOnlyForDeploymentPostprocessing = 0;
		};
		9BC8FA8F2923F6BD00E9993F /* Frameworks */ = {
			isa = PBXFrameworksBuildPhase;
			buildActionMask = 2147483647;
			files = (
			);
			runOnlyForDeploymentPostprocessing = 0;
		};
		9BC8FA962923F6BD00E9993F /* Frameworks */ = {
			isa = PBXFrameworksBuildPhase;
			buildActionMask = 2147483647;
			files = (
			);
			runOnlyForDeploymentPostprocessing = 0;
		};
		9BC8FAA22923F6BD00E9993F /* Frameworks */ = {
			isa = PBXFrameworksBuildPhase;
			buildActionMask = 2147483647;
			files = (
			);
			runOnlyForDeploymentPostprocessing = 0;
		};
/* End PBXFrameworksBuildPhase section */

/* Begin PBXGroup section */
		9BC8FA7F2923F6BB00E9993F = {
			isa = PBXGroup;
			children = (
				9BC8FA842923F6BB00E9993F /* Shared */,
				9BC8FA932923F6BD00E9993F /* macOS */,
				9BC8FA9C2923F6BD00E9993F /* Tests iOS */,
				9BC8FAA82923F6BD00E9993F /* Tests macOS */,
				9BC8FA8D2923F6BD00E9993F /* Products */,
			);
			sourceTree = "<group>";
		};
		9BC8FA842923F6BB00E9993F /* Shared */ = {
			isa = PBXGroup;
			children = (
				9BC8FA852923F6BB00E9993F /* LandmarksApp.swift */,
				9BC8FAD52924052700E9993F /* Views */,
				9BC8FAD42924051500E9993F /* Model */,
				9BC8FAD32924050500E9993F /* Resources */,
				9BC8FA872923F6BD00E9993F /* Assets.xcassets */,
			);
			path = Shared;
			sourceTree = "<group>";
		};
		9BC8FA8D2923F6BD00E9993F /* Products */ = {
			isa = PBXGroup;
			children = (
				9BC8FA8C2923F6BD00E9993F /* Landmarks.app */,
				9BC8FA922923F6BD00E9993F /* Landmarks.app */,
				9BC8FA992923F6BD00E9993F /* Tests iOS.xctest */,
				9BC8FAA52923F6BD00E9993F /* Tests macOS.xctest */,
			);
			name = Products;
			sourceTree = "<group>";
		};
		9BC8FA932923F6BD00E9993F /* macOS */ = {
			isa = PBXGroup;
			children = (
				9BC8FA942923F6BD00E9993F /* macOS.entitlements */,
			);
			path = macOS;
			sourceTree = "<group>";
		};
		9BC8FA9C2923F6BD00E9993F /* Tests iOS */ = {
			isa = PBXGroup;
			children = (
				9BC8FA9D2923F6BD00E9993F /* Tests_iOS.swift */,
				9BC8FA9F2923F6BD00E9993F /* Tests_iOSLaunchTests.swift */,
			);
			path = "Tests iOS";
			sourceTree = "<group>";
		};
		9BC8FAA82923F6BD00E9993F /* Tests macOS */ = {
			isa = PBXGroup;
			children = (
				9BC8FAA92923F6BD00E9993F /* Tests_macOS.swift */,
				9BC8FAAB2923F6BD00E9993F /* Tests_macOSLaunchTests.swift */,
			);
			path = "Tests macOS";
			sourceTree = "<group>";
		};
		9BC8FAD32924050500E9993F /* Resources */ = {
			isa = PBXGroup;
			children = (
				9BC8FAD0292404E300E9993F /* landmarkData.json */,
			);
			path = Resources;
			sourceTree = "<group>";
		};
		9BC8FAD42924051500E9993F /* Model */ = {
			isa = PBXGroup;
			children = (
				9BC8FACA2924003500E9993F /* Landmark.swift */,
				9BC8FACD2924024E00E9993F /* ModelData.swift */,
			);
			path = Model;
			sourceTree = "<group>";
		};
		9BC8FAD52924052700E9993F /* Views */ = {
			isa = PBXGroup;
			children = (
				9BC8FAC42923FACD00E9993F /* CircleImage.swift */,
				9BC8FA862923F6BB00E9993F /* ContentView.swift */,
				9BC8FADC292407A100E9993F /* LandmarkDetail.swift */,
				9BC8FAD9292406E100E9993F /* LandmarkList.swift */,
				9BC8FAD6292405CD00E9993F /* LandmarkRow.swift */,
				9BC8FAC72923FC4100E9993F /* MapView.swift */,
			);
			path = Views;
			sourceTree = "<group>";
		};
/* End PBXGroup section */

/* Begin PBXNativeTarget section */
		9BC8FA8B2923F6BD00E9993F /* Landmarks (iOS) */ = {
			isa = PBXNativeTarget;
			buildConfigurationList = 9BC8FAB52923F6BD00E9993F /* Build configuration list for PBXNativeTarget "Landmarks (iOS)" */;
			buildPhases = (
				9BC8FA882923F6BD00E9993F /* Sources */,
				9BC8FA892923F6BD00E9993F /* Frameworks */,
				9BC8FA8A2923F6BD00E9993F /* Resources */,
			);
			buildRules = (
			);
			dependencies = (
			);
			name = "Landmarks (iOS)";
			productName = "Landmarks (iOS)";
			productReference = 9BC8FA8C2923F6BD00E9993F /* Landmarks.app */;
			productType = "com.apple.product-type.application";
		};
		9BC8FA912923F6BD00E9993F /* Landmarks (macOS) */ = {
			isa = PBXNativeTarget;
			buildConfigurationList = 9BC8FAB82923F6BD00E9993F /* Build configuration list for PBXNativeTarget "Landmarks (macOS)" */;
			buildPhases = (
				9BC8FA8E2923F6BD00E9993F /* Sources */,
				9BC8FA8F2923F6BD00E9993F /* Frameworks */,
				9BC8FA902923F6BD00E9993F /* Resources */,
			);
			buildRules = (
			);
			dependencies = (
			);
			name = "Landmarks (macOS)";
			productName = "Landmarks (macOS)";
			productReference = 9BC8FA922923F6BD00E9993F /* Landmarks.app */;
			productType = "com.apple.product-type.application";
		};
		9BC8FA982923F6BD00E9993F /* Tests iOS */ = {
			isa = PBXNativeTarget;
			buildConfigurationList = 9BC8FABB2923F6BD00E9993F /* Build configuration list for PBXNativeTarget "Tests iOS" */;
			buildPhases = (
				9BC8FA952923F6BD00E9993F /* Sources */,
				9BC8FA962923F6BD00E9993F /* Frameworks */,
				9BC8FA972923F6BD00E9993F /* Resources */,
			);
			buildRules = (
			);
			dependencies = (
				9BC8FA9B2923F6BD00E9993F /* PBXTargetDependency */,
			);
			name = "Tests iOS";
			productName = "Tests iOS";
			productReference = 9BC8FA992923F6BD00E9993F /* Tests iOS.xctest */;
			productType = "com.apple.product-type.bundle.ui-testing";
		};
		9BC8FAA42923F6BD00E9993F /* Tests macOS */ = {
			isa = PBXNativeTarget;
			buildConfigurationList = 9BC8FABE2923F6BD00E9993F /* Build configuration list for PBXNativeTarget "Tests macOS" */;
			buildPhases = (
				9BC8FAA12923F6BD00E9993F /* Sources */,
				9BC8FAA22923F6BD00E9993F /* Frameworks */,
				9BC8FAA32923F6BD00E9993F /* Resources */,
			);
			buildRules = (
			);
			dependencies = (
				9BC8FAA72923F6BD00E9993F /* PBXTargetDependency */,
			);
			name = "Tests macOS";
			productName = "Tests macOS";
			productReference = 9BC8FAA52923F6BD00E9993F /* Tests macOS.xctest */;
			productType = "com.apple.product-type.bundle.ui-testing";
		};
/* End PBXNativeTarget section */

/* Begin PBXProject section */
		9BC8FA802923F6BB00E9993F /* Project object */ = {
			isa = PBXProject;
			attributes = {
				BuildIndependentTargetsInParallel = 1;
				LastSwiftUpdateCheck = 1340;
				LastUpgradeCheck = 1340;
				TargetAttributes = {
					9BC8FA8B2923F6BD00E9993F = {
						CreatedOnToolsVersion = 13.4.1;
					};
					9BC8FA912923F6BD00E9993F = {
						CreatedOnToolsVersion = 13.4.1;
					};
					9BC8FA982923F6BD00E9993F = {
						CreatedOnToolsVersion = 13.4.1;
						TestTargetID = 9BC8FA8B2923F6BD00E9993F;
					};
					9BC8FAA42923F6BD00E9993F = {
						CreatedOnToolsVersion = 13.4.1;
						TestTargetID = 9BC8FA912923F6BD00E9993F;
					};
				};
			};
			buildConfigurationList = 9BC8FA832923F6BB00E9993F /* Build configuration list for PBXProject "Landmarks" */;
			compatibilityVersion = "Xcode 13.0";
			developmentRegion = en;
			hasScannedForEncodings = 0;
			knownRegions = (
				en,
				Base,
			);
			mainGroup = 9BC8FA7F2923F6BB00E9993F;
			productRefGroup = 9BC8FA8D2923F6BD00E9993F /* Products */;
			projectDirPath = "";
			projectRoot = "";
			targets = (
				9BC8FA8B2923F6BD00E9993F /* Landmarks (iOS) */,
				9BC8FA912923F6BD00E9993F /* Landmarks (macOS) */,
				9BC8FA982923F6BD00E9993F /* Tests iOS */,
				9BC8FAA42923F6BD00E9993F /* Tests macOS */,
			);
		};
/* End PBXProject section */

/* Begin PBXResourcesBuildPhase section */
		9BC8FA8A2923F6BD00E9993F /* Resources */ = {
			isa = PBXResourcesBuildPhase;
			buildActionMask = 2147483647;
			files = (
				9BC8FAB12923F6BD00E9993F /* Assets.xcassets in Resources */,
				9BC8FAD1292404E300E9993F /* landmarkData.json in Resources */,
			);
			runOnlyForDeploymentPostprocessing = 0;
		};
		9BC8FA902923F6BD00E9993F /* Resources */ = {
			isa = PBXResourcesBuildPhase;
			buildActionMask = 2147483647;
			files = (
				9BC8FAB22923F6BD00E9993F /* Assets.xcassets in Resources */,
				9BC8FAD2292404E300E9993F /* landmarkData.json in Resources */,
			);
			runOnlyForDeploymentPostprocessing = 0;
		};
		9BC8FA972923F6BD00E9993F /* Resources */ = {
			isa = PBXResourcesBuildPhase;
			buildActionMask = 2147483647;
			files = (
			);
			runOnlyForDeploymentPostprocessing = 0;
		};
		9BC8FAA32923F6BD00E9993F /* Resources */ = {
			isa = PBXResourcesBuildPhase;
			buildActionMask = 2147483647;
			files = (
			);
			runOnlyForDeploymentPostprocessing = 0;
		};
/* End PBXResourcesBuildPhase section */

/* Begin PBXSourcesBuildPhase section */
		9BC8FA882923F6BD00E9993F /* Sources */ = {
			isa = PBXSourcesBuildPhase;
			buildActionMask = 2147483647;
			files = (
				9BC8FAAF2923F6BD00E9993F /* ContentView.swift in Sources */,
				9BC8FAC82923FC4100E9993F /* MapView.swift in Sources */,
				9BC8FAAD2923F6BD00E9993F /* LandmarksApp.swift in Sources */,
				9BC8FADA292406E100E9993F /* LandmarkList.swift in Sources */,
				9BC8FADD292407A100E9993F /* LandmarkDetail.swift in Sources */,
				9BC8FAC52923FACD00E9993F /* CircleImage.swift in Sources */,
				9BC8FACB2924003500E9993F /* Landmark.swift in Sources */,
				9BC8FAD7292405CD00E9993F /* LandmarkRow.swift in Sources */,
				9BC8FACE2924024E00E9993F /* ModelData.swift in Sources */,
			);
			runOnlyForDeploymentPostprocessing = 0;
		};
		9BC8FA8E2923F6BD00E9993F /* Sources */ = {
			isa = PBXSourcesBuildPhase;
			buildActionMask = 2147483647;
			files = (
				9BC8FAB02923F6BD00E9993F /* ContentView.swift in Sources */,
				9BC8FAC92923FC4100E9993F /* MapView.swift in Sources */,
				9BC8FAAE2923F6BD00E9993F /* LandmarksApp.swift in Sources */,
				9BC8FADB292406E100E9993F /* LandmarkList.swift in Sources */,
				9BC8FADE292407A100E9993F /* LandmarkDetail.swift in Sources */,
				9BC8FAC62923FACD00E9993F /* CircleImage.swift in Sources */,
				9BC8FACC2924003500E9993F /* Landmark.swift in Sources */,
				9BC8FAD8292405CD00E9993F /* LandmarkRow.swift in Sources */,
				9BC8FACF2924024E00E9993F /* ModelData.swift in Sources */,
			);
			runOnlyForDeploymentPostprocessing = 0;
		};
		9BC8FA952923F6BD00E9993F /* Sources */ = {
			isa = PBXSourcesBuildPhase;
			buildActionMask = 2147483647;
			files = (
				9BC8FAA02923F6BD00E9993F /* Tests_iOSLaunchTests.swift in Sources */,
				9BC8FA9E2923F6BD00E9993F /* Tests_iOS.swift in Sources */,
			);
			runOnlyForDeploymentPostprocessing = 0;
		};
		9BC8FAA12923F6BD00E9993F /* Sources */ = {
			isa = PBXSourcesBuildPhase;
			buildActionMask = 2147483647;
			files = (
				9BC8FAAC2923F6BD00E9993F /* Tests_macOSLaunchTests.swift in Sources */,
				9BC8FAAA2923F6BD00E9993F /* Tests_macOS.swift in Sources */,
			);
			runOnlyForDeploymentPostprocessing = 0;
		};
/* End PBXSourcesBuildPhase section */

/* Begin PBXTargetDependency section */
		9BC8FA9B2923F6BD00E9993F /* PBXTargetDependency */ = {
			isa = PBXTargetDependency;
			target = 9BC8FA8B2923F6BD00E9993F /* Landmarks (iOS) */;
			targetProxy = 9BC8FA9A2923F6BD00E9993F /* PBXContainerItemProxy */;
		};
		9BC8FAA72923F6BD00E9993F /* PBXTargetDependency */ = {
			isa = PBXTargetDependency;
			target = 9BC8FA912923F6BD00E9993F /* Landmarks (macOS) */;
			targetProxy = 9BC8FAA62923F6BD00E9993F /* PBXContainerItemProxy */;
		};
/* End PBXTargetDependency section */

/* Begin XCBuildConfiguration section */
		9BC8FAB32923F6BD00E9993F /* Debug */ = {
			isa = XCBuildConfiguration;
			buildSettings = {
				ALWAYS_SEARCH_USER_PATHS = NO;
				CLANG_ANALYZER_NONNULL = YES;
				CLANG_ANALYZER_NUMBER_OBJECT_CONVERSION = YES_AGGRESSIVE;
				CLANG_CXX_LANGUAGE_STANDARD = "gnu++17";
				CLANG_ENABLE_MODULES = YES;
				CLANG_ENABLE_OBJC_ARC = YES;
				CLANG_ENABLE_OBJC_WEAK = YES;
				CLANG_WARN_BLOCK_CAPTURE_AUTORELEASING = YES;
				CLANG_WARN_BOOL_CONVERSION = YES;
				CLANG_WARN_COMMA = YES;
				CLANG_WARN_CONSTANT_CONVERSION = YES;
				CLANG_WARN_DEPRECATED_OBJC_IMPLEMENTATIONS = YES;
				CLANG_WARN_DIRECT_OBJC_ISA_USAGE = YES_ERROR;
				CLANG_WARN_DOCUMENTATION_COMMENTS = YES;
				CLANG_WARN_EMPTY_BODY = YES;
				CLANG_WARN_ENUM_CONVERSION = YES;
				CLANG_WARN_INFINITE_RECURSION = YES;
				CLANG_WARN_INT_CONVERSION = YES;
				CLANG_WARN_NON_LITERAL_NULL_CONVERSION = YES;
				CLANG_WARN_OBJC_IMPLICIT_RETAIN_SELF = YES;
				CLANG_WARN_OBJC_LITERAL_CONVERSION = YES;
				CLANG_WARN_OBJC_ROOT_CLASS = YES_ERROR;
				CLANG_WARN_QUOTED_INCLUDE_IN_FRAMEWORK_HEADER = YES;
				CLANG_WARN_RANGE_LOOP_ANALYSIS = YES;
				CLANG_WARN_STRICT_PROTOTYPES = YES;
				CLANG_WARN_SUSPICIOUS_MOVE = YES;
				CLANG_WARN_UNGUARDED_AVAILABILITY = YES_AGGRESSIVE;
				CLANG_WARN_UNREACHABLE_CODE = YES;
				CLANG_WARN__DUPLICATE_METHOD_MATCH = YES;
				COPY_PHASE_STRIP = NO;
				DEBUG_INFORMATION_FORMAT = dwarf;
				ENABLE_STRICT_OBJC_MSGSEND = YES;
				ENABLE_TESTABILITY = YES;
				GCC_C_LANGUAGE_STANDARD = gnu11;
				GCC_DYNAMIC_NO_PIC = NO;
				GCC_NO_COMMON_BLOCKS = YES;
				GCC_OPTIMIZATION_LEVEL = 0;
				GCC_PREPROCESSOR_DEFINITIONS = (
					"DEBUG=1",
					"$(inherited)",
				);
				GCC_WARN_64_TO_32_BIT_CONVERSION = YES;
				GCC_WARN_ABOUT_RETURN_TYPE = YES_ERROR;
				GCC_WARN_UNDECLARED_SELECTOR = YES;
				GCC_WARN_UNINITIALIZED_AUTOS = YES_AGGRESSIVE;
				GCC_WARN_UNUSED_FUNCTION = YES;
				GCC_WARN_UNUSED_VARIABLE = YES;
				MTL_ENABLE_DEBUG_INFO = INCLUDE_SOURCE;
				MTL_FAST_MATH = YES;
				ONLY_ACTIVE_ARCH = YES;
				SWIFT_ACTIVE_COMPILATION_CONDITIONS = DEBUG;
				SWIFT_OPTIMIZATION_LEVEL = "-Onone";
			};
			name = Debug;
		};
		9BC8FAB42923F6BD00E9993F /* Release */ = {
			isa = XCBuildConfiguration;
			buildSettings = {
				ALWAYS_SEARCH_USER_PATHS = NO;
				CLANG_ANALYZER_NONNULL = YES;
				CLANG_ANALYZER_NUMBER_OBJECT_CONVERSION = YES_AGGRESSIVE;
				CLANG_CXX_LANGUAGE_STANDARD = "gnu++17";
				CLANG_ENABLE_MODULES = YES;
				CLANG_ENABLE_OBJC_ARC = YES;
				CLANG_ENABLE_OBJC_WEAK = YES;
				CLANG_WARN_BLOCK_CAPTURE_AUTORELEASING = YES;
				CLANG_WARN_BOOL_CONVERSION = YES;
				CLANG_WARN_COMMA = YES;
				CLANG_WARN_CONSTANT_CONVERSION = YES;
				CLANG_WARN_DEPRECATED_OBJC_IMPLEMENTATIONS = YES;
				CLANG_WARN_DIRECT_OBJC_ISA_USAGE = YES_ERROR;
				CLANG_WARN_DOCUMENTATION_COMMENTS = YES;
				CLANG_WARN_EMPTY_BODY = YES;
				CLANG_WARN_ENUM_CONVERSION = YES;
				CLANG_WARN_INFINITE_RECURSION = YES;
				CLANG_WARN_INT_CONVERSION = YES;
				CLANG_WARN_NON_LITERAL_NULL_CONVERSION = YES;
				CLANG_WARN_OBJC_IMPLICIT_RETAIN_SELF = YES;
				CLANG_WARN_OBJC_LITERAL_CONVERSION = YES;
				CLANG_WARN_OBJC_ROOT_CLASS = YES_ERROR;
				CLANG_WARN_QUOTED_INCLUDE_IN_FRAMEWORK_HEADER = YES;
				CLANG_WARN_RANGE_LOOP_ANALYSIS = YES;
				CLANG_WARN_STRICT_PROTOTYPES = YES;
				CLANG_WARN_SUSPICIOUS_MOVE = YES;
				CLANG_WARN_UNGUARDED_AVAILABILITY = YES_AGGRESSIVE;
				CLANG_WARN_UNREACHABLE_CODE = YES;
				CLANG_WARN__DUPLICATE_METHOD_MATCH = YES;
				COPY_PHASE_STRIP = NO;
				DEBUG_INFORMATION_FORMAT = "dwarf-with-dsym";
				ENABLE_NS_ASSERTIONS = NO;
				ENABLE_STRICT_OBJC_MSGSEND = YES;
				GCC_C_LANGUAGE_STANDARD = gnu11;
				GCC_NO_COMMON_BLOCKS = YES;
				GCC_WARN_64_TO_32_BIT_CONVERSION = YES;
				GCC_WARN_ABOUT_RETURN_TYPE = YES_ERROR;
				GCC_WARN_UNDECLARED_SELECTOR = YES;
				GCC_WARN_UNINITIALIZED_AUTOS = YES_AGGRESSIVE;
				GCC_WARN_UNUSED_FUNCTION = YES;
				GCC_WARN_UNUSED_VARIABLE = YES;
				MTL_ENABLE_DEBUG_INFO = NO;
				MTL_FAST_MATH = YES;
				SWIFT_COMPILATION_MODE = wholemodule;
				SWIFT_OPTIMIZATION_LEVEL = "-O";
			};
			name = Release;
		};
		9BC8FAB62923F6BD00E9993F /* Debug */ = {
			isa = XCBuildConfiguration;
			buildSettings = {
				ASSETCATALOG_COMPILER_APPICON_NAME = AppIcon;
				ASSETCATALOG_COMPILER_GLOBAL_ACCENT_COLOR_NAME = AccentColor;
				CODE_SIGN_STYLE = Automatic;
				CURRENT_PROJECT_VERSION = 1;
				DEVELOPMENT_TEAM = HNCC9363AL;
				ENABLE_PREVIEWS = YES;
				GENERATE_INFOPLIST_FILE = YES;
				INFOPLIST_KEY_UIApplicationSceneManifest_Generation = YES;
				INFOPLIST_KEY_UIApplicationSupportsIndirectInputEvents = YES;
				INFOPLIST_KEY_UILaunchScreen_Generation = YES;
				INFOPLIST_KEY_UISupportedInterfaceOrientations_iPad = "UIInterfaceOrientationPortrait UIInterfaceOrientationPortraitUpsideDown UIInterfaceOrientationLandscapeLeft UIInterfaceOrientationLandscapeRight";
				INFOPLIST_KEY_UISupportedInterfaceOrientations_iPhone = "UIInterfaceOrientationPortrait UIInterfaceOrientationLandscapeLeft UIInterfaceOrientationLandscapeRight";
				IPHONEOS_DEPLOYMENT_TARGET = 15.5;
				LD_RUNPATH_SEARCH_PATHS = (
					"$(inherited)",
					"@executable_path/Frameworks",
				);
				MARKETING_VERSION = 1.0;
				PRODUCT_BUNDLE_IDENTIFIER = jeffco.Landmarks;
				PRODUCT_NAME = Landmarks;
				SDKROOT = iphoneos;
				SWIFT_EMIT_LOC_STRINGS = YES;
				SWIFT_VERSION = 5.0;
				TARGETED_DEVICE_FAMILY = "1,2";
			};
			name = Debug;
		};
		9BC8FAB72923F6BD00E9993F /* Release */ = {
			isa = XCBuildConfiguration;
			buildSettings = {
				ASSETCATALOG_COMPILER_APPICON_NAME = AppIcon;
				ASSETCATALOG_COMPILER_GLOBAL_ACCENT_COLOR_NAME = AccentColor;
				CODE_SIGN_STYLE = Automatic;
				CURRENT_PROJECT_VERSION = 1;
				DEVELOPMENT_TEAM = HNCC9363AL;
				ENABLE_PREVIEWS = YES;
				GENERATE_INFOPLIST_FILE = YES;
				INFOPLIST_KEY_UIApplicationSceneManifest_Generation = YES;
				INFOPLIST_KEY_UIApplicationSupportsIndirectInputEvents = YES;
				INFOPLIST_KEY_UILaunchScreen_Generation = YES;
				INFOPLIST_KEY_UISupportedInterfaceOrientations_iPad = "UIInterfaceOrientationPortrait UIInterfaceOrientationPortraitUpsideDown UIInterfaceOrientationLandscapeLeft UIInterfaceOrientationLandscapeRight";
				INFOPLIST_KEY_UISupportedInterfaceOrientations_iPhone = "UIInterfaceOrientationPortrait UIInterfaceOrientationLandscapeLeft UIInterfaceOrientationLandscapeRight";
				IPHONEOS_DEPLOYMENT_TARGET = 15.5;
				LD_RUNPATH_SEARCH_PATHS = (
					"$(inherited)",
					"@executable_path/Frameworks",
				);
				MARKETING_VERSION = 1.0;
				PRODUCT_BUNDLE_IDENTIFIER = jeffco.Landmarks;
				PRODUCT_NAME = Landmarks;
				SDKROOT = iphoneos;
				SWIFT_EMIT_LOC_STRINGS = YES;
				SWIFT_VERSION = 5.0;
				TARGETED_DEVICE_FAMILY = "1,2";
				VALIDATE_PRODUCT = YES;
			};
			name = Release;
		};
		9BC8FAB92923F6BD00E9993F /* Debug */ = {
			isa = XCBuildConfiguration;
			buildSettings = {
				ASSETCATALOG_COMPILER_APPICON_NAME = AppIcon;
				ASSETCATALOG_COMPILER_GLOBAL_ACCENT_COLOR_NAME = AccentColor;
				CODE_SIGN_ENTITLEMENTS = macOS/macOS.entitlements;
				CODE_SIGN_STYLE = Automatic;
				COMBINE_HIDPI_IMAGES = YES;
				CURRENT_PROJECT_VERSION = 1;
				DEVELOPMENT_TEAM = HNCC9363AL;
				ENABLE_HARDENED_RUNTIME = YES;
				ENABLE_PREVIEWS = YES;
				GENERATE_INFOPLIST_FILE = YES;
				INFOPLIST_KEY_NSHumanReadableCopyright = "";
				LD_RUNPATH_SEARCH_PATHS = (
					"$(inherited)",
					"@executable_path/../Frameworks",
				);
				MACOSX_DEPLOYMENT_TARGET = 12.3;
				MARKETING_VERSION = 1.0;
				PRODUCT_BUNDLE_IDENTIFIER = jeffco.Landmarks;
				PRODUCT_NAME = Landmarks;
				SDKROOT = macosx;
				SWIFT_EMIT_LOC_STRINGS = YES;
				SWIFT_VERSION = 5.0;
			};
			name = Debug;
		};
		9BC8FABA2923F6BD00E9993F /* Release */ = {
			isa = XCBuildConfiguration;
			buildSettings = {
				ASSETCATALOG_COMPILER_APPICON_NAME = AppIcon;
				ASSETCATALOG_COMPILER_GLOBAL_ACCENT_COLOR_NAME = AccentColor;
				CODE_SIGN_ENTITLEMENTS = macOS/macOS.entitlements;
				CODE_SIGN_STYLE = Automatic;
				COMBINE_HIDPI_IMAGES = YES;
				CURRENT_PROJECT_VERSION = 1;
				DEVELOPMENT_TEAM = HNCC9363AL;
				ENABLE_HARDENED_RUNTIME = YES;
				ENABLE_PREVIEWS = YES;
				GENERATE_INFOPLIST_FILE = YES;
				INFOPLIST_KEY_NSHumanReadableCopyright = "";
				LD_RUNPATH_SEARCH_PATHS = (
					"$(inherited)",
					"@executable_path/../Frameworks",
				);
				MACOSX_DEPLOYMENT_TARGET = 12.3;
				MARKETING_VERSION = 1.0;
				PRODUCT_BUNDLE_IDENTIFIER = jeffco.Landmarks;
				PRODUCT_NAME = Landmarks;
				SDKROOT = macosx;
				SWIFT_EMIT_LOC_STRINGS = YES;
				SWIFT_VERSION = 5.0;
			};
			name = Release;
		};
		9BC8FABC2923F6BD00E9993F /* Debug */ = {
			isa = XCBuildConfiguration;
			buildSettings = {
				ALWAYS_EMBED_SWIFT_STANDARD_LIBRARIES = YES;
				CODE_SIGN_STYLE = Automatic;
				CURRENT_PROJECT_VERSION = 1;
				DEVELOPMENT_TEAM = HNCC9363AL;
				GENERATE_INFOPLIST_FILE = YES;
				IPHONEOS_DEPLOYMENT_TARGET = 15.5;
				MARKETING_VERSION = 1.0;
				PRODUCT_BUNDLE_IDENTIFIER = "jeffco.Tests-iOS";
				PRODUCT_NAME = "$(TARGET_NAME)";
				SDKROOT = iphoneos;
				SWIFT_EMIT_LOC_STRINGS = NO;
				SWIFT_VERSION = 5.0;
				TARGETED_DEVICE_FAMILY = "1,2";
				TEST_TARGET_NAME = "Landmarks (iOS)";
			};
			name = Debug;
		};
		9BC8FABD2923F6BD00E9993F /* Release */ = {
			isa = XCBuildConfiguration;
			buildSettings = {
				ALWAYS_EMBED_SWIFT_STANDARD_LIBRARIES = YES;
				CODE_SIGN_STYLE = Automatic;
				CURRENT_PROJECT_VERSION = 1;
				DEVELOPMENT_TEAM = HNCC9363AL;
				GENERATE_INFOPLIST_FILE = YES;
				IPHONEOS_DEPLOYMENT_TARGET = 15.5;
				MARKETING_VERSION = 1.0;
				PRODUCT_BUNDLE_IDENTIFIER = "jeffco.Tests-iOS";
				PRODUCT_NAME = "$(TARGET_NAME)";
				SDKROOT = iphoneos;
				SWIFT_EMIT_LOC_STRINGS = NO;
				SWIFT_VERSION = 5.0;
				TARGETED_DEVICE_FAMILY = "1,2";
				TEST_TARGET_NAME = "Landmarks (iOS)";
				VALIDATE_PRODUCT = YES;
			};
			name = Release;
		};
		9BC8FABF2923F6BD00E9993F /* Debug */ = {
			isa = XCBuildConfiguration;
			buildSettings = {
				ALWAYS_EMBED_SWIFT_STANDARD_LIBRARIES = YES;
				CODE_SIGN_STYLE = Automatic;
				CURRENT_PROJECT_VERSION = 1;
				DEVELOPMENT_TEAM = HNCC9363AL;
				GENERATE_INFOPLIST_FILE = YES;
				MACOSX_DEPLOYMENT_TARGET = 12.3;
				MARKETING_VERSION = 1.0;
				PRODUCT_BUNDLE_IDENTIFIER = "jeffco.Tests-macOS";
				PRODUCT_NAME = "$(TARGET_NAME)";
				SDKROOT = macosx;
				SWIFT_EMIT_LOC_STRINGS = NO;
				SWIFT_VERSION = 5.0;
				TEST_TARGET_NAME = "Landmarks (macOS)";
			};
			name = Debug;
		};
		9BC8FAC02923F6BD00E9993F /* Release */ = {
			isa = XCBuildConfiguration;
			buildSettings = {
				ALWAYS_EMBED_SWIFT_STANDARD_LIBRARIES = YES;
				CODE_SIGN_STYLE = Automatic;
				CURRENT_PROJECT_VERSION = 1;
				DEVELOPMENT_TEAM = HNCC9363AL;
				GENERATE_INFOPLIST_FILE = YES;
				MACOSX_DEPLOYMENT_TARGET = 12.3;
				MARKETING_VERSION = 1.0;
				PRODUCT_BUNDLE_IDENTIFIER = "jeffco.Tests-macOS";
				PRODUCT_NAME = "$(TARGET_NAME)";
				SDKROOT = macosx;
				SWIFT_EMIT_LOC_STRINGS = NO;
				SWIFT_VERSION = 5.0;
				TEST_TARGET_NAME = "Landmarks (macOS)";
			};
			name = Release;
		};
/* End XCBuildConfiguration section */

/* Begin XCConfigurationList section */
		9BC8FA832923F6BB00E9993F /* Build configuration list for PBXProject "Landmarks" */ = {
			isa = XCConfigurationList;
			buildConfigurations = (
				9BC8FAB32923F6BD00E9993F /* Debug */,
				9BC8FAB42923F6BD00E9993F /* Release */,
			);
			defaultConfigurationIsVisible = 0;
			defaultConfigurationName = Release;
		};
		9BC8FAB52923F6BD00E9993F /* Build configuration list for PBXNativeTarget "Landmarks (iOS)" */ = {
			isa = XCConfigurationList;
			buildConfigurations = (
				9BC8FAB62923F6BD00E9993F /* Debug */,
				9BC8FAB72923F6BD00E9993F /* Release */,
			);
			defaultConfigurationIsVisible = 0;
			defaultConfigurationName = Release;
		};
		9BC8FAB82923F6BD00E9993F /* Build configuration list for PBXNativeTarget "Landmarks (macOS)" */ = {
			isa = XCConfigurationList;
			buildConfigurations = (
				9BC8FAB92923F6BD00E9993F /* Debug */,
				9BC8FABA2923F6BD00E9993F /* Release */,
			);
			defaultConfigurationIsVisible = 0;
			defaultConfigurationName = Release;
		};
		9BC8FABB2923F6BD00E9993F /* Build configuration list for PBXNativeTarget "Tests iOS" */ = {
			isa = XCConfigurationList;
			buildConfigurations = (
				9BC8FABC2923F6BD00E9993F /* Debug */,
				9BC8FABD2923F6BD00E9993F /* Release */,
			);
			defaultConfigurationIsVisible = 0;
			defaultConfigurationName = Release;
		};
		9BC8FABE2923F6BD00E9993F /* Build configuration list for PBXNativeTarget "Tests macOS" */ = {
			isa = XCConfigurationList;
			buildConfigurations = (
				9BC8FABF2923F6BD00E9993F /* Debug */,
				9BC8FAC02923F6BD00E9993F /* Release */,
			);
			defaultConfigurationIsVisible = 0;
			defaultConfigurationName = Release;
		};
/* End XCConfigurationList section */
	};
	rootObject = 9BC8FA802923F6BB00E9993F /* Project object */;
}
